
Microsoft Visual Studio Solution File, Format Version 12.00
# Visual Studio Version 16
VisualStudioVersion = 16.0.30413.136
MinimumVisualStudioVersion = 10.0.40219.1
Project("{FAE04EC0-301F-11D3-BF4B-00C04F79EFBC}") = "DapperAspNetCoreApi", "DapperAspNetCoreApi.csproj", "{DADC8705-7B03-415D-8261-901362024421}"
EndProject
Global
	GlobalSection(SolutionConfigurationPlatforms) = preSolution
		Debug|Any CPU = Debug|Any CPU
		Release|Any CPU = Release|Any CPU
	EndGlobalSection
	GlobalSection(ProjectConfigurationPlatforms) = postSolution
		{DADC8705-7B03-415D-8261-901362024421}.Debug|Any CPU.ActiveCfg = Debug|Any CPU
		{DADC8705-7B03-415D-8261-901362024421}.Debug|Any CPU.Build.0 = Debug|Any CPU
		{DADC8705-7B03-415D-8261-901362024421}.Release|Any CPU.ActiveCfg = Release|Any CPU
		{DADC8705-7B03-415D-8261-901362024421}.Release|Any CPU.Build.0 = Release|Any CPU
	EndGlobalSection
	GlobalSection(SolutionProperties) = preSolution
		HideSolutionNode = FALSE
	EndGlobalSection
	GlobalSection(ExtensibilityGlobals) = postSolution
		SolutionGuid = {A7F36AFC-60D7-433C-B5FD-4797EE8714CE}
	EndGlobalSection
EndGlobal
